// !$*UTF8*$!
{
	archiveVersion = 1;
	classes = {
	};
	objectVersion = 50;
	objects = {

/* Begin PBXBuildFile section */
		794366C422B652EC00AA62AF /* AttributeUpdater.swift in Sources */ = {isa = PBXBuildFile; fileRef = 794366C322B652EC00AA62AF /* AttributeUpdater.swift */; };
		79809DD022B21BD1008E4B49 /* AppDelegate.swift in Sources */ = {isa = PBXBuildFile; fileRef = 79809DCF22B21BD1008E4B49 /* AppDelegate.swift */; };
		79809DD822B21BD1008E4B49 /* ViewController.swift in Sources */ = {isa = PBXBuildFile; fileRef = 79809DD722B21BD1008E4B49 /* ViewController.swift */; };
		79809DDA22B21BD3008E4B49 /* Assets.xcassets in Resources */ = {isa = PBXBuildFile; fileRef = 79809DD922B21BD3008E4B49 /* Assets.xcassets */; };
		79809DDD22B21BD3008E4B49 /* Main.storyboard in Resources */ = {isa = PBXBuildFile; fileRef = 79809DDB22B21BD3008E4B49 /* Main.storyboard */; };
		79809DED22B21BEA008E4B49 /* Fenris.framework in Frameworks */ = {isa = PBXBuildFile; fileRef = 79809DEC22B21BEA008E4B49 /* Fenris.framework */; };
		79809DEE22B21BEA008E4B49 /* Fenris.framework in Embed Frameworks */ = {isa = PBXBuildFile; fileRef = 79809DEC22B21BEA008E4B49 /* Fenris.framework */; settings = {ATTRIBUTES = (CodeSignOnCopy, RemoveHeadersOnCopy, ); }; };
/* End PBXBuildFile section */

/* Begin PBXCopyFilesBuildPhase section */
		79809DEF22B21BEA008E4B49 /* Embed Frameworks */ = {
			isa = PBXCopyFilesBuildPhase;
			buildActionMask = 2147483647;
			dstPath = "";
			dstSubfolderSpec = 10;
			files = (
				79809DEE22B21BEA008E4B49 /* Fenris.framework in Embed Frameworks */,
			);
			name = "Embed Frameworks";
			runOnlyForDeploymentPostprocessing = 0;
		};
/* End PBXCopyFilesBuildPhase section */

/* Begin PBXFileReference section */
		794366C322B652EC00AA62AF /* AttributeUpdater.swift */ = {isa = PBXFileReference; lastKnownFileType = sourcecode.swift; path = AttributeUpdater.swift; sourceTree = "<group>"; };
		79809DCC22B21BD1008E4B49 /* Demo macOS.app */ = {isa = PBXFileReference; explicitFileType = wrapper.application; includeInIndex = 0; path = "Demo macOS.app"; sourceTree = BUILT_PRODUCTS_DIR; };
		79809DCF22B21BD1008E4B49 /* AppDelegate.swift */ = {isa = PBXFileReference; lastKnownFileType = sourcecode.swift; path = AppDelegate.swift; sourceTree = "<group>"; };
		79809DD722B21BD1008E4B49 /* ViewController.swift */ = {isa = PBXFileReference; lastKnownFileType = sourcecode.swift; path = ViewController.swift; sourceTree = "<group>"; };
		79809DD922B21BD3008E4B49 /* Assets.xcassets */ = {isa = PBXFileReference; lastKnownFileType = folder.assetcatalog; path = Assets.xcassets; sourceTree = "<group>"; };
		79809DDC22B21BD3008E4B49 /* Base */ = {isa = PBXFileReference; lastKnownFileType = file.storyboard; name = Base; path = Base.lproj/Main.storyboard; sourceTree = "<group>"; };
		79809DDE22B21BD3008E4B49 /* Info.plist */ = {isa = PBXFileReference; lastKnownFileType = text.plist.xml; path = Info.plist; sourceTree = "<group>"; };
		79809DDF22B21BD3008E4B49 /* Demo_macOS.entitlements */ = {isa = PBXFileReference; lastKnownFileType = text.plist.entitlements; path = Demo_macOS.entitlements; sourceTree = "<group>"; };
		79809DEC22B21BEA008E4B49 /* Fenris.framework */ = {isa = PBXFileReference; explicitFileType = wrapper.framework; path = Fenris.framework; sourceTree = BUILT_PRODUCTS_DIR; };
/* End PBXFileReference section */

/* Begin PBXFrameworksBuildPhase section */
		79809DC922B21BD1008E4B49 /* Frameworks */ = {
			isa = PBXFrameworksBuildPhase;
			buildActionMask = 2147483647;
			files = (
				79809DED22B21BEA008E4B49 /* Fenris.framework in Frameworks */,
			);
			runOnlyForDeploymentPostprocessing = 0;
		};
/* End PBXFrameworksBuildPhase section */

/* Begin PBXGroup section */
		79809DC322B21BD1008E4B49 = {
			isa = PBXGroup;
			children = (
				79809DEC22B21BEA008E4B49 /* Fenris.framework */,
				79809DCE22B21BD1008E4B49 /* Demo macOS */,
				79809DCD22B21BD1008E4B49 /* Products */,
			);
			sourceTree = "<group>";
		};
		79809DCD22B21BD1008E4B49 /* Products */ = {
			isa = PBXGroup;
			children = (
				79809DCC22B21BD1008E4B49 /* Demo macOS.app */,
			);
			name = Products;
			sourceTree = "<group>";
		};
		79809DCE22B21BD1008E4B49 /* Demo macOS */ = {
			isa = PBXGroup;
			children = (
				79809DCF22B21BD1008E4B49 /* AppDelegate.swift */,
				79809DD722B21BD1008E4B49 /* ViewController.swift */,
				79809DD922B21BD3008E4B49 /* Assets.xcassets */,
				79809DDB22B21BD3008E4B49 /* Main.storyboard */,
				79809DDE22B21BD3008E4B49 /* Info.plist */,
				79809DDF22B21BD3008E4B49 /* Demo_macOS.entitlements */,
				794366C322B652EC00AA62AF /* AttributeUpdater.swift */,
			);
			path = "Demo macOS";
			sourceTree = "<group>";
		};
/* End PBXGroup section */

/* Begin PBXNativeTarget section */
		79809DCB22B21BD1008E4B49 /* Demo macOS */ = {
			isa = PBXNativeTarget;
			buildConfigurationList = 79809DE222B21BD3008E4B49 /* Build configuration list for PBXNativeTarget "Demo macOS" */;
			buildPhases = (
				79809DC822B21BD1008E4B49 /* Sources */,
				79809DC922B21BD1008E4B49 /* Frameworks */,
				79809DCA22B21BD1008E4B49 /* Resources */,
				79809DEF22B21BEA008E4B49 /* Embed Frameworks */,
			);
			buildRules = (
			);
			dependencies = (
			);
			name = "Demo macOS";
			productName = "Demo macOS";
			productReference = 79809DCC22B21BD1008E4B49 /* Demo macOS.app */;
			productType = "com.apple.product-type.application";
		};
/* End PBXNativeTarget section */

/* Begin PBXProject section */
		79809DC422B21BD1008E4B49 /* Project object */ = {
			isa = PBXProject;
			attributes = {
				LastSwiftUpdateCheck = 1020;
				LastUpgradeCheck = 1020;
				ORGANIZATIONNAME = Wolftrail;
				TargetAttributes = {
					79809DCB22B21BD1008E4B49 = {
						CreatedOnToolsVersion = 10.2.1;
					};
				};
			};
			buildConfigurationList = 79809DC722B21BD1008E4B49 /* Build configuration list for PBXProject "Demo macOS" */;
			compatibilityVersion = "Xcode 9.3";
			developmentRegion = en;
			hasScannedForEncodings = 0;
			knownRegions = (
				en,
				Base,
			);
			mainGroup = 79809DC322B21BD1008E4B49;
			productRefGroup = 79809DCD22B21BD1008E4B49 /* Products */;
			projectDirPath = "";
			projectRoot = "";
			targets = (
				79809DCB22B21BD1008E4B49 /* Demo macOS */,
			);
		};
/* End PBXProject section */

/* Begin PBXResourcesBuildPhase section */
		79809DCA22B21BD1008E4B49 /* Resources */ = {
			isa = PBXResourcesBuildPhase;
			buildActionMask = 2147483647;
			files = (
				79809DDA22B21BD3008E4B49 /* Assets.xcassets in Resources */,
				79809DDD22B21BD3008E4B49 /* Main.storyboard in Resources */,
			);
			runOnlyForDeploymentPostprocessing = 0;
		};
/* End PBXResourcesBuildPhase section */

/* Begin PBXSourcesBuildPhase section */
		79809DC822B21BD1008E4B49 /* Sources */ = {
			isa = PBXSourcesBuildPhase;
			buildActionMask = 2147483647;
			files = (
				79809DD822B21BD1008E4B49 /* ViewController.swift in Sources */,
				79809DD022B21BD1008E4B49 /* AppDelegate.swift in Sources */,
				794366C422B652EC00AA62AF /* AttributeUpdater.swift in Sources */,
			);
			runOnlyForDeploymentPostprocessing = 0;
		};
/* End PBXSourcesBuildPhase section */

/* Begin PBXVariantGroup section */
		79809DDB22B21BD3008E4B49 /* Main.storyboard */ = {
			isa = PBXVariantGroup;
			children = (
				79809DDC22B21BD3008E4B49 /* Base */,
			);
			name = Main.storyboard;
			sourceTree = "<group>";
		};
/* End PBXVariantGroup section */

/* Begin XCBuildConfiguration section */
		79809DE022B21BD3008E4B49 /* Debug */ = {
			isa = XCBuildConfiguration;
			buildSettings = {
				ALWAYS_SEARCH_USER_PATHS = NO;
				CLANG_ANALYZER_NONNULL = YES;
				CLANG_ANALYZER_NUMBER_OBJECT_CONVERSION = YES_AGGRESSIVE;
				CLANG_CXX_LANGUAGE_STANDARD = "gnu++14";
				CLANG_CXX_LIBRARY = "libc++";
				CLANG_ENABLE_MODULES = YES;
				CLANG_ENABLE_OBJC_ARC = YES;
				CLANG_ENABLE_OBJC_WEAK = YES;
				CLANG_WARN_BLOCK_CAPTURE_AUTORELEASING = YES;
				CLANG_WARN_BOOL_CONVERSION = YES;
				CLANG_WARN_COMMA = YES;
				CLANG_WARN_CONSTANT_CONVERSION = YES;
				CLANG_WARN_DEPRECATED_OBJC_IMPLEMENTATIONS = YES;
				CLANG_WARN_DIRECT_OBJC_ISA_USAGE = YES_ERROR;
				CLANG_WARN_DOCUMENTATION_COMMENTS = YES;
				CLANG_WARN_EMPTY_BODY = YES;
				CLANG_WARN_ENUM_CONVERSION = YES;
				CLANG_WARN_INFINITE_RECURSION = YES;
				CLANG_WARN_INT_CONVERSION = YES;
				CLANG_WARN_NON_LITERAL_NULL_CONVERSION = YES;
				CLANG_WARN_OBJC_IMPLICIT_RETAIN_SELF = YES;
				CLANG_WARN_OBJC_LITERAL_CONVERSION = YES;
				CLANG_WARN_OBJC_ROOT_CLASS = YES_ERROR;
				CLANG_WARN_RANGE_LOOP_ANALYSIS = YES;
				CLANG_WARN_STRICT_PROTOTYPES = YES;
				CLANG_WARN_SUSPICIOUS_MOVE = YES;
				CLANG_WARN_UNGUARDED_AVAILABILITY = YES_AGGRESSIVE;
				CLANG_WARN_UNREACHABLE_CODE = YES;
				CLANG_WARN__DUPLICATE_METHOD_MATCH = YES;
				CODE_SIGN_IDENTITY = "Mac Developer";
				COPY_PHASE_STRIP = NO;
				DEBUG_INFORMATION_FORMAT = dwarf;
				ENABLE_STRICT_OBJC_MSGSEND = YES;
				ENABLE_TESTABILITY = YES;
				GCC_C_LANGUAGE_STANDARD = gnu11;
				GCC_DYNAMIC_NO_PIC = NO;
				GCC_NO_COMMON_BLOCKS = YES;
				GCC_OPTIMIZATION_LEVEL = 0;
				GCC_PREPROCESSOR_DEFINITIONS = (
					"DEBUG=1",
					"$(inherited)",
				);
				GCC_WARN_64_TO_32_BIT_CONVERSION = YES;
				GCC_WARN_ABOUT_RETURN_TYPE = YES_ERROR;
				GCC_WARN_UNDECLARED_SELECTOR = YES;
				GCC_WARN_UNINITIALIZED_AUTOS = YES_AGGRESSIVE;
				GCC_WARN_UNUSED_FUNCTION = YES;
				GCC_WARN_UNUSED_VARIABLE = YES;
				MACOSX_DEPLOYMENT_TARGET = 10.14;
				MTL_ENABLE_DEBUG_INFO = INCLUDE_SOURCE;
				MTL_FAST_MATH = YES;
				ONLY_ACTIVE_ARCH = YES;
				SDKROOT = macosx;
				SWIFT_ACTIVE_COMPILATION_CONDITIONS = DEBUG;
				SWIFT_OPTIMIZATION_LEVEL = "-Onone";
			};
			name = Debug;
		};
		79809DE122B21BD3008E4B49 /* Release */ = {
			isa = XCBuildConfiguration;
			buildSettings = {
				ALWAYS_SEARCH_USER_PATHS = NO;
				CLANG_ANALYZER_NONNULL = YES;
				CLANG_ANALYZER_NUMBER_OBJECT_CONVERSION = YES_AGGRESSIVE;
				CLANG_CXX_LANGUAGE_STANDARD = "gnu++14";
				CLANG_CXX_LIBRARY = "libc++";
				CLANG_ENABLE_MODULES = YES;
				CLANG_ENABLE_OBJC_ARC = YES;
				CLANG_ENABLE_OBJC_WEAK = YES;
				CLANG_WARN_BLOCK_CAPTURE_AUTORELEASING = YES;
				CLANG_WARN_BOOL_CONVERSION = YES;
				CLANG_WARN_COMMA = YES;
				CLANG_WARN_CONSTANT_CONVERSION = YES;
				CLANG_WARN_DEPRECATED_OBJC_IMPLEMENTATIONS = YES;
				CLANG_WARN_DIRECT_OBJC_ISA_USAGE = YES_ERROR;
				CLANG_WARN_DOCUMENTATION_COMMENTS = YES;
				CLANG_WARN_EMPTY_BODY = YES;
				CLANG_WARN_ENUM_CONVERSION = YES;
				CLANG_WARN_INFINITE_RECURSION = YES;
				CLANG_WARN_INT_CONVERSION = YES;
				CLANG_WARN_NON_LITERAL_NULL_CONVERSION = YES;
				CLANG_WARN_OBJC_IMPLICIT_RETAIN_SELF = YES;
				CLANG_WARN_OBJC_LITERAL_CONVERSION = YES;
				CLANG_WARN_OBJC_ROOT_CLASS = YES_ERROR;
				CLANG_WARN_RANGE_LOOP_ANALYSIS = YES;
				CLANG_WARN_STRICT_PROTOTYPES = YES;
				CLANG_WARN_SUSPICIOUS_MOVE = YES;
				CLANG_WARN_UNGUARDED_AVAILABILITY = YES_AGGRESSIVE;
				CLANG_WARN_UNREACHABLE_CODE = YES;
				CLANG_WARN__DUPLICATE_METHOD_MATCH = YES;
				CODE_SIGN_IDENTITY = "Mac Developer";
				COPY_PHASE_STRIP = NO;
				DEBUG_INFORMATION_FORMAT = "dwarf-with-dsym";
				ENABLE_NS_ASSERTIONS = NO;
				ENABLE_STRICT_OBJC_MSGSEND = YES;
				GCC_C_LANGUAGE_STANDARD = gnu11;
				GCC_NO_COMMON_BLOCKS = YES;
				GCC_WARN_64_TO_32_BIT_CONVERSION = YES;
				GCC_WARN_ABOUT_RETURN_TYPE = YES_ERROR;
				GCC_WARN_UNDECLARED_SELECTOR = YES;
				GCC_WARN_UNINITIALIZED_AUTOS = YES_AGGRESSIVE;
				GCC_WARN_UNUSED_FUNCTION = YES;
				GCC_WARN_UNUSED_VARIABLE = YES;
				MACOSX_DEPLOYMENT_TARGET = 10.14;
				MTL_ENABLE_DEBUG_INFO = NO;
				MTL_FAST_MATH = YES;
				SDKROOT = macosx;
				SWIFT_COMPILATION_MODE = wholemodule;
				SWIFT_OPTIMIZATION_LEVEL = "-O";
			};
			name = Release;
		};
		79809DE322B21BD3008E4B49 /* Debug */ = {
			isa = XCBuildConfiguration;
			buildSettings = {
				ASSETCATALOG_COMPILER_APPICON_NAME = AppIcon;
				CODE_SIGN_ENTITLEMENTS = "Demo macOS/Demo_macOS.entitlements";
				CODE_SIGN_STYLE = Automatic;
				COMBINE_HIDPI_IMAGES = YES;
				DEVELOPMENT_TEAM = J6E64C67VU;
				INFOPLIST_FILE = "Demo macOS/Info.plist";
				LD_RUNPATH_SEARCH_PATHS = (
					"$(inherited)",
					"@executable_path/../Frameworks",
				);
				PRODUCT_BUNDLE_IDENTIFIER = "net.wolftrail.Demo-macOS";
				PRODUCT_NAME = "$(TARGET_NAME)";
				SWIFT_VERSION = 5.0;
			};
			name = Debug;
		};
		79809DE422B21BD3008E4B49 /* Release */ = {
			isa = XCBuildConfiguration;
			buildSettings = {
				ASSETCATALOG_COMPILER_APPICON_NAME = AppIcon;
				CODE_SIGN_ENTITLEMENTS = "Demo macOS/Demo_macOS.entitlements";
				CODE_SIGN_STYLE = Automatic;
				COMBINE_HIDPI_IMAGES = YES;
				DEVELOPMENT_TEAM = J6E64C67VU;
				INFOPLIST_FILE = "Demo macOS/Info.plist";
				LD_RUNPATH_SEARCH_PATHS = (
					"$(inherited)",
					"@executable_path/../Frameworks",
				);
				PRODUCT_BUNDLE_IDENTIFIER = "net.wolftrail.Demo-macOS";
				PRODUCT_NAME = "$(TARGET_NAME)";
				SWIFT_VERSION = 5.0;
			};
			name = Release;
		};
/* End XCBuildConfiguration section */

/* Begin XCConfigurationList section */
		79809DC722B21BD1008E4B49 /* Build configuration list for PBXProject "Demo macOS" */ = {
			isa = XCConfigurationList;
			buildConfigurations = (
				79809DE022B21BD3008E4B49 /* Debug */,
				79809DE122B21BD3008E4B49 /* Release */,
			);
			defaultConfigurationIsVisible = 0;
			defaultConfigurationName = Release;
		};
		79809DE222B21BD3008E4B49 /* Build configuration list for PBXNativeTarget "Demo macOS" */ = {
			isa = XCConfigurationList;
			buildConfigurations = (
				79809DE322B21BD3008E4B49 /* Debug */,
				79809DE422B21BD3008E4B49 /* Release */,
			);
			defaultConfigurationIsVisible = 0;
			defaultConfigurationName = Release;
		};
/* End XCConfigurationList section */
	};
	rootObject = 79809DC422B21BD1008E4B49 /* Project object */;
}
